
Microsoft Visual Studio Solution File, Format Version 12.00
# Visual Studio Version 17
VisualStudioVersion = 17.7.34031.279
MinimumVisualStudioVersion = 10.0.40219.1
Project("{9A19103F-16F7-4668-BE54-9A1E7A4F7556}") = "InnovaTimeColombia", "InnovaTimeColombia\InnovaTimeColombia.csproj", "{6ED35BC3-A99B-4981-BB94-3377F31C1F42}"
EndProject
Global
	GlobalSection(SolutionConfigurationPlatforms) = preSolution
		Debug|Any CPU = Debug|Any CPU
		Release|Any CPU = Release|Any CPU
	EndGlobalSection
	GlobalSection(ProjectConfigurationPlatforms) = postSolution
		{6ED35BC3-A99B-4981-BB94-3377F31C1F42}.Debug|Any CPU.ActiveCfg = Debug|Any CPU
		{6ED35BC3-A99B-4981-BB94-3377F31C1F42}.Debug|Any CPU.Build.0 = Debug|Any CPU
		{6ED35BC3-A99B-4981-BB94-3377F31C1F42}.Release|Any CPU.ActiveCfg = Release|Any CPU
		{6ED35BC3-A99B-4981-BB94-3377F31C1F42}.Release|Any CPU.Build.0 = Release|Any CPU
	EndGlobalSection
	GlobalSection(SolutionProperties) = preSolution
		HideSolutionNode = FALSE
	EndGlobalSection
	GlobalSection(ExtensibilityGlobals) = postSolution
		SolutionGuid = {29BE51A1-9082-43FA-9955-72F65D8A8E2F}
	EndGlobalSection
EndGlobal
